
Microsoft Visual Studio Solution File, Format Version 12.00
# Visual Studio Version 16
VisualStudioVersion = 16.0.30717.126
MinimumVisualStudioVersion = 10.0.40219.1
Project("{8BC9CEB8-8B4A-11D0-8D11-00A0C91BC942}") = "MicroProject02", "MicroProject02\MicroProject02.vcxproj", "{4DB9C294-2A82-45A9-88FC-BCB3B7ACCE43}"
EndProject
Global
	GlobalSection(SolutionConfigurationPlatforms) = preSolution
		Debug|x64 = Debug|x64
		Debug|x86 = Debug|x86
		Release|x64 = Release|x64
		Release|x86 = Release|x86
	EndGlobalSection
	GlobalSection(ProjectConfigurationPlatforms) = postSolution
		{4DB9C294-2A82-45A9-88FC-BCB3B7ACCE43}.Debug|x64.ActiveCfg = Debug|x64
		{4DB9C294-2A82-45A9-88FC-BCB3B7ACCE43}.Debug|x64.Build.0 = Debug|x64
		{4DB9C294-2A82-45A9-88FC-BCB3B7ACCE43}.Debug|x86.ActiveCfg = Debug|Win32
		{4DB9C294-2A82-45A9-88FC-BCB3B7ACCE43}.Debug|x86.Build.0 = Debug|Win32
		{4DB9C294-2A82-45A9-88FC-BCB3B7ACCE43}.Release|x64.ActiveCfg = Release|x64
		{4DB9C294-2A82-45A9-88FC-BCB3B7ACCE43}.Release|x64.Build.0 = Release|x64
		{4DB9C294-2A82-45A9-88FC-BCB3B7ACCE43}.Release|x86.ActiveCfg = Release|Win32
		{4DB9C294-2A82-45A9-88FC-BCB3B7ACCE43}.Release|x86.Build.0 = Release|Win32
	EndGlobalSection
	GlobalSection(SolutionProperties) = preSolution
		HideSolutionNode = FALSE
	EndGlobalSection
	GlobalSection(ExtensibilityGlobals) = postSolution
		SolutionGuid = {AFB38BB3-6C10-434F-8177-17366901C14D}
	EndGlobalSection
EndGlobal
